
Microsoft Visual Studio Solution File, Format Version 12.00
# Visual Studio Version 16
VisualStudioVersion = 16.0.30225.117
MinimumVisualStudioVersion = 10.0.40219.1
Project("{FAE04EC0-301F-11D3-BF4B-00C04F79EFBC}") = "Controles_Practica_1.Android", "Controles_Practica_1\Controles_Practica_1.Android\Controles_Practica_1.Android.csproj", "{2DB98F3E-5D90-43F8-84B1-E4BB75251B16}"
EndProject
Project("{FAE04EC0-301F-11D3-BF4B-00C04F79EFBC}") = "Controles_Practica_1.iOS", "Controles_Practica_1\Controles_Practica_1.iOS\Controles_Practica_1.iOS.csproj", "{482F4CE1-F0E4-4669-A730-906D344C3E2A}"
EndProject
Project("{FAE04EC0-301F-11D3-BF4B-00C04F79EFBC}") = "Controles_Practica_1", "Controles_Practica_1\Controles_Practica_1\Controles_Practica_1.csproj", "{0BF29D3D-95AA-4937-A3E6-F180B72C91B1}"
EndProject
Global
	GlobalSection(SolutionConfigurationPlatforms) = preSolution
		Debug|Any CPU = Debug|Any CPU
		Debug|iPhone = Debug|iPhone
		Debug|iPhoneSimulator = Debug|iPhoneSimulator
		Release|Any CPU = Release|Any CPU
		Release|iPhone = Release|iPhone
		Release|iPhoneSimulator = Release|iPhoneSimulator
	EndGlobalSection
	GlobalSection(ProjectConfigurationPlatforms) = postSolution
		{2DB98F3E-5D90-43F8-84B1-E4BB75251B16}.Debug|Any CPU.ActiveCfg = Debug|Any CPU
		{2DB98F3E-5D90-43F8-84B1-E4BB75251B16}.Debug|Any CPU.Build.0 = Debug|Any CPU
		{2DB98F3E-5D90-43F8-84B1-E4BB75251B16}.Debug|Any CPU.Deploy.0 = Debug|Any CPU
		{2DB98F3E-5D90-43F8-84B1-E4BB75251B16}.Debug|iPhone.ActiveCfg = Debug|Any CPU
		{2DB98F3E-5D90-43F8-84B1-E4BB75251B16}.Debug|iPhone.Build.0 = Debug|Any CPU
		{2DB98F3E-5D90-43F8-84B1-E4BB75251B16}.Debug|iPhone.Deploy.0 = Debug|Any CPU
		{2DB98F3E-5D90-43F8-84B1-E4BB75251B16}.Debug|iPhoneSimulator.ActiveCfg = Debug|Any CPU
		{2DB98F3E-5D90-43F8-84B1-E4BB75251B16}.Debug|iPhoneSimulator.Build.0 = Debug|Any CPU
		{2DB98F3E-5D90-43F8-84B1-E4BB75251B16}.Debug|iPhoneSimulator.Deploy.0 = Debug|Any CPU
		{2DB98F3E-5D90-43F8-84B1-E4BB75251B16}.Release|Any CPU.ActiveCfg = Release|Any CPU
		{2DB98F3E-5D90-43F8-84B1-E4BB75251B16}.Release|Any CPU.Build.0 = Release|Any CPU
		{2DB98F3E-5D90-43F8-84B1-E4BB75251B16}.Release|Any CPU.Deploy.0 = Release|Any CPU
		{2DB98F3E-5D90-43F8-84B1-E4BB75251B16}.Release|iPhone.ActiveCfg = Release|Any CPU
		{2DB98F3E-5D90-43F8-84B1-E4BB75251B16}.Release|iPhone.Build.0 = Release|Any CPU
		{2DB98F3E-5D90-43F8-84B1-E4BB75251B16}.Release|iPhone.Deploy.0 = Release|Any CPU
		{2DB98F3E-5D90-43F8-84B1-E4BB75251B16}.Release|iPhoneSimulator.ActiveCfg = Release|Any CPU
		{2DB98F3E-5D90-43F8-84B1-E4BB75251B16}.Release|iPhoneSimulator.Build.0 = Release|Any CPU
		{2DB98F3E-5D90-43F8-84B1-E4BB75251B16}.Release|iPhoneSimulator.Deploy.0 = Release|Any CPU
		{482F4CE1-F0E4-4669-A730-906D344C3E2A}.Debug|Any CPU.ActiveCfg = Debug|iPhone
		{482F4CE1-F0E4-4669-A730-906D344C3E2A}.Debug|Any CPU.Build.0 = Debug|iPhone
		{482F4CE1-F0E4-4669-A730-906D344C3E2A}.Debug|Any CPU.Deploy.0 = Debug|iPhone
		{482F4CE1-F0E4-4669-A730-906D344C3E2A}.Debug|iPhone.ActiveCfg = Debug|iPhone
		{482F4CE1-F0E4-4669-A730-906D344C3E2A}.Debug|iPhone.Build.0 = Debug|iPhone
		{482F4CE1-F0E4-4669-A730-906D344C3E2A}.Debug|iPhone.Deploy.0 = Debug|iPhone
		{482F4CE1-F0E4-4669-A730-906D344C3E2A}.Debug|iPhoneSimulator.ActiveCfg = Debug|iPhoneSimulator
		{482F4CE1-F0E4-4669-A730-906D344C3E2A}.Debug|iPhoneSimulator.Build.0 = Debug|iPhoneSimulator
		{482F4CE1-F0E4-4669-A730-906D344C3E2A}.Debug|iPhoneSimulator.Deploy.0 = Debug|iPhoneSimulator
		{482F4CE1-F0E4-4669-A730-906D344C3E2A}.Release|Any CPU.ActiveCfg = Release|iPhone
		{482F4CE1-F0E4-4669-A730-906D344C3E2A}.Release|Any CPU.Build.0 = Release|iPhone
		{482F4CE1-F0E4-4669-A730-906D344C3E2A}.Release|Any CPU.Deploy.0 = Release|iPhone
		{482F4CE1-F0E4-4669-A730-906D344C3E2A}.Release|iPhone.ActiveCfg = Release|iPhone
		{482F4CE1-F0E4-4669-A730-906D344C3E2A}.Release|iPhone.Build.0 = Release|iPhone
		{482F4CE1-F0E4-4669-A730-906D344C3E2A}.Release|iPhone.Deploy.0 = Release|iPhone
		{482F4CE1-F0E4-4669-A730-906D344C3E2A}.Release|iPhoneSimulator.ActiveCfg = Release|iPhoneSimulator
		{482F4CE1-F0E4-4669-A730-906D344C3E2A}.Release|iPhoneSimulator.Build.0 = Release|iPhoneSimulator
		{482F4CE1-F0E4-4669-A730-906D344C3E2A}.Release|iPhoneSimulator.Deploy.0 = Release|iPhoneSimulator
		{0BF29D3D-95AA-4937-A3E6-F180B72C91B1}.Debug|Any CPU.ActiveCfg = Debug|Any CPU
		{0BF29D3D-95AA-4937-A3E6-F180B72C91B1}.Debug|Any CPU.Build.0 = Debug|Any CPU
		{0BF29D3D-95AA-4937-A3E6-F180B72C91B1}.Debug|Any CPU.Deploy.0 = Debug|Any CPU
		{0BF29D3D-95AA-4937-A3E6-F180B72C91B1}.Debug|iPhone.ActiveCfg = Debug|Any CPU
		{0BF29D3D-95AA-4937-A3E6-F180B72C91B1}.Debug|iPhone.Build.0 = Debug|Any CPU
		{0BF29D3D-95AA-4937-A3E6-F180B72C91B1}.Debug|iPhone.Deploy.0 = Debug|Any CPU
		{0BF29D3D-95AA-4937-A3E6-F180B72C91B1}.Debug|iPhoneSimulator.ActiveCfg = Debug|Any CPU
		{0BF29D3D-95AA-4937-A3E6-F180B72C91B1}.Debug|iPhoneSimulator.Build.0 = Debug|Any CPU
		{0BF29D3D-95AA-4937-A3E6-F180B72C91B1}.Debug|iPhoneSimulator.Deploy.0 = Debug|Any CPU
		{0BF29D3D-95AA-4937-A3E6-F180B72C91B1}.Release|Any CPU.ActiveCfg = Release|Any CPU
		{0BF29D3D-95AA-4937-A3E6-F180B72C91B1}.Release|Any CPU.Build.0 = Release|Any CPU
		{0BF29D3D-95AA-4937-A3E6-F180B72C91B1}.Release|Any CPU.Deploy.0 = Release|Any CPU
		{0BF29D3D-95AA-4937-A3E6-F180B72C91B1}.Release|iPhone.ActiveCfg = Release|Any CPU
		{0BF29D3D-95AA-4937-A3E6-F180B72C91B1}.Release|iPhone.Build.0 = Release|Any CPU
		{0BF29D3D-95AA-4937-A3E6-F180B72C91B1}.Release|iPhone.Deploy.0 = Release|Any CPU
		{0BF29D3D-95AA-4937-A3E6-F180B72C91B1}.Release|iPhoneSimulator.ActiveCfg = Release|Any CPU
		{0BF29D3D-95AA-4937-A3E6-F180B72C91B1}.Release|iPhoneSimulator.Build.0 = Release|Any CPU
		{0BF29D3D-95AA-4937-A3E6-F180B72C91B1}.Release|iPhoneSimulator.Deploy.0 = Release|Any CPU
	EndGlobalSection
	GlobalSection(SolutionProperties) = preSolution
		HideSolutionNode = FALSE
	EndGlobalSection
	GlobalSection(ExtensibilityGlobals) = postSolution
		SolutionGuid = {75CD761A-8A13-47BD-B958-F98EBE6237B4}
	EndGlobalSection
EndGlobal
